
Microsoft Visual Studio Solution File, Format Version 12.00
# Visual Studio Version 16
VisualStudioVersion = 16.0.29326.143
MinimumVisualStudioVersion = 10.0.40219.1
Project("{9A19103F-16F7-4668-BE54-9A1E7A4F7556}") = "EFCoreCommerceDemo", "EFCoreCommerceDemo\EFCoreCommerceDemo.csproj", "{A6CA9625-BCF3-4B48-8813-087099A0BB68}"
EndProject
Global
	GlobalSection(SolutionConfigurationPlatforms) = preSolution
		Debug|Any CPU = Debug|Any CPU
		Release|Any CPU = Release|Any CPU
	EndGlobalSection
	GlobalSection(ProjectConfigurationPlatforms) = postSolution
		{A6CA9625-BCF3-4B48-8813-087099A0BB68}.Debug|Any CPU.ActiveCfg = Debug|Any CPU
		{A6CA9625-BCF3-4B48-8813-087099A0BB68}.Debug|Any CPU.Build.0 = Debug|Any CPU
		{A6CA9625-BCF3-4B48-8813-087099A0BB68}.Release|Any CPU.ActiveCfg = Release|Any CPU
		{A6CA9625-BCF3-4B48-8813-087099A0BB68}.Release|Any CPU.Build.0 = Release|Any CPU
	EndGlobalSection
	GlobalSection(SolutionProperties) = preSolution
		HideSolutionNode = FALSE
	EndGlobalSection
	GlobalSection(ExtensibilityGlobals) = postSolution
		SolutionGuid = {DEA4BDCC-57D4-4654-8BF3-51F06E4915A9}
	EndGlobalSection
EndGlobal
